
Microsoft Visual Studio Solution File, Format Version 12.00
# Visual Studio Version 17
VisualStudioVersion = 17.7.34024.191
MinimumVisualStudioVersion = 10.0.40219.1
Project("{9A19103F-16F7-4668-BE54-9A1E7A4F7556}") = "InternetShopClothes.API", "InternetShopClothes.API\InternetShopClothes.API.csproj", "{77BBFED9-A154-469B-BB3D-EB0267C40034}"
EndProject
Project("{9A19103F-16F7-4668-BE54-9A1E7A4F7556}") = "InternetShopClothes.Domain", "InternetShopClothes.Domain\InternetShopClothes.Domain.csproj", "{D621E484-4C6D-42D6-BF03-39D369847B1C}"
EndProject
Project("{FAE04EC0-301F-11D3-BF4B-00C04F79EFBC}") = "InternetShopClothes.Appliaction", "InternetShopClothes.Appliaction\InternetShopClothes.Appliaction.csproj", "{D065260E-6503-43D0-866E-D95C41EE7A11}"
EndProject
Global
	GlobalSection(SolutionConfigurationPlatforms) = preSolution
		Debug|Any CPU = Debug|Any CPU
		Release|Any CPU = Release|Any CPU
	EndGlobalSection
	GlobalSection(ProjectConfigurationPlatforms) = postSolution
		{77BBFED9-A154-469B-BB3D-EB0267C40034}.Debug|Any CPU.ActiveCfg = Debug|Any CPU
		{77BBFED9-A154-469B-BB3D-EB0267C40034}.Debug|Any CPU.Build.0 = Debug|Any CPU
		{77BBFED9-A154-469B-BB3D-EB0267C40034}.Release|Any CPU.ActiveCfg = Release|Any CPU
		{77BBFED9-A154-469B-BB3D-EB0267C40034}.Release|Any CPU.Build.0 = Release|Any CPU
		{D621E484-4C6D-42D6-BF03-39D369847B1C}.Debug|Any CPU.ActiveCfg = Debug|Any CPU
		{D621E484-4C6D-42D6-BF03-39D369847B1C}.Debug|Any CPU.Build.0 = Debug|Any CPU
		{D621E484-4C6D-42D6-BF03-39D369847B1C}.Release|Any CPU.ActiveCfg = Release|Any CPU
		{D621E484-4C6D-42D6-BF03-39D369847B1C}.Release|Any CPU.Build.0 = Release|Any CPU
		{D065260E-6503-43D0-866E-D95C41EE7A11}.Debug|Any CPU.ActiveCfg = Debug|Any CPU
		{D065260E-6503-43D0-866E-D95C41EE7A11}.Debug|Any CPU.Build.0 = Debug|Any CPU
		{D065260E-6503-43D0-866E-D95C41EE7A11}.Release|Any CPU.ActiveCfg = Release|Any CPU
		{D065260E-6503-43D0-866E-D95C41EE7A11}.Release|Any CPU.Build.0 = Release|Any CPU
	EndGlobalSection
	GlobalSection(SolutionProperties) = preSolution
		HideSolutionNode = FALSE
	EndGlobalSection
	GlobalSection(ExtensibilityGlobals) = postSolution
		SolutionGuid = {B989F2FA-DD74-4549-99F1-E05BED0FF507}
	EndGlobalSection
EndGlobal
